
Microsoft Visual Studio Solution File, Format Version 12.00
# Visual Studio 15
VisualStudioVersion = 15.0.27703.2035
MinimumVisualStudioVersion = 10.0.40219.1
Project("{FAE04EC0-301F-11D3-BF4B-00C04F79EFBC}") = "TSUI_Off", "TSUI_Off\TSUI_Off.csproj", "{B5E38083-4E77-4AAA-90E7-3881A928D443}"
EndProject
Global
	GlobalSection(SolutionConfigurationPlatforms) = preSolution
		Debug|Any CPU = Debug|Any CPU
		Release|Any CPU = Release|Any CPU
	EndGlobalSection
	GlobalSection(ProjectConfigurationPlatforms) = postSolution
		{B5E38083-4E77-4AAA-90E7-3881A928D443}.Debug|Any CPU.ActiveCfg = Debug|Any CPU
		{B5E38083-4E77-4AAA-90E7-3881A928D443}.Debug|Any CPU.Build.0 = Debug|Any CPU
		{B5E38083-4E77-4AAA-90E7-3881A928D443}.Release|Any CPU.ActiveCfg = Release|Any CPU
		{B5E38083-4E77-4AAA-90E7-3881A928D443}.Release|Any CPU.Build.0 = Release|Any CPU
	EndGlobalSection
	GlobalSection(SolutionProperties) = preSolution
		HideSolutionNode = FALSE
	EndGlobalSection
	GlobalSection(ExtensibilityGlobals) = postSolution
		SolutionGuid = {0F4C43A7-7EA4-4978-BF7F-2C35CB93CA76}
	EndGlobalSection
EndGlobal
